
Microsoft Visual Studio Solution File, Format Version 12.00
# Visual Studio 2013
VisualStudioVersion = 12.0.40629.0
MinimumVisualStudioVersion = 10.0.40219.1
Project("{FAE04EC0-301F-11D3-BF4B-00C04F79EFBC}") = "MySDR.Win", "MySDR\MySDR.Win.csproj", "{91214D2A-4A51-4033-991A-58D50A1F11E6}"
EndProject
Project("{FAE04EC0-301F-11D3-BF4B-00C04F79EFBC}") = "MySDR.Test", "MySDR.Test\MySDR.Test.csproj", "{E7320728-85AA-4A1A-BD14-5DE5524DCD03}"
EndProject
Project("{FAE04EC0-301F-11D3-BF4B-00C04F79EFBC}") = "MySDR.Core", "MySDR.Core\MySDR.Core.csproj", "{0D35A490-5F30-4AF4-80FB-18755150212B}"
EndProject
Project("{FAE04EC0-301F-11D3-BF4B-00C04F79EFBC}") = "MySDR.Web", "MySDR.Web\MySDR.Web.csproj", "{91C72A4B-5A4B-458C-8EE3-48FB23788DFF}"
EndProject
Project("{2150E333-8FDC-42A3-9474-1A3956D46DE8}") = ".nuget", ".nuget", "{BBB9F980-C7AB-46A3-A50D-A39DB9C10865}"
	ProjectSection(SolutionItems) = preProject
		.nuget\NuGet.Config = .nuget\NuGet.Config
		.nuget\NuGet.exe = .nuget\NuGet.exe
		.nuget\NuGet.targets = .nuget\NuGet.targets
	EndProjectSection
EndProject
Global
	GlobalSection(SolutionConfigurationPlatforms) = preSolution
		Debug|Any CPU = Debug|Any CPU
		Release|Any CPU = Release|Any CPU
	EndGlobalSection
	GlobalSection(ProjectConfigurationPlatforms) = postSolution
		{91214D2A-4A51-4033-991A-58D50A1F11E6}.Debug|Any CPU.ActiveCfg = Debug|Any CPU
		{91214D2A-4A51-4033-991A-58D50A1F11E6}.Debug|Any CPU.Build.0 = Debug|Any CPU
		{91214D2A-4A51-4033-991A-58D50A1F11E6}.Release|Any CPU.ActiveCfg = Release|Any CPU
		{91214D2A-4A51-4033-991A-58D50A1F11E6}.Release|Any CPU.Build.0 = Release|Any CPU
		{E7320728-85AA-4A1A-BD14-5DE5524DCD03}.Debug|Any CPU.ActiveCfg = Debug|Any CPU
		{E7320728-85AA-4A1A-BD14-5DE5524DCD03}.Debug|Any CPU.Build.0 = Debug|Any CPU
		{E7320728-85AA-4A1A-BD14-5DE5524DCD03}.Release|Any CPU.ActiveCfg = Release|Any CPU
		{E7320728-85AA-4A1A-BD14-5DE5524DCD03}.Release|Any CPU.Build.0 = Release|Any CPU
		{0D35A490-5F30-4AF4-80FB-18755150212B}.Debug|Any CPU.ActiveCfg = Debug|Any CPU
		{0D35A490-5F30-4AF4-80FB-18755150212B}.Debug|Any CPU.Build.0 = Debug|Any CPU
		{0D35A490-5F30-4AF4-80FB-18755150212B}.Release|Any CPU.ActiveCfg = Release|Any CPU
		{0D35A490-5F30-4AF4-80FB-18755150212B}.Release|Any CPU.Build.0 = Release|Any CPU
		{91C72A4B-5A4B-458C-8EE3-48FB23788DFF}.Debug|Any CPU.ActiveCfg = Debug|Any CPU
		{91C72A4B-5A4B-458C-8EE3-48FB23788DFF}.Debug|Any CPU.Build.0 = Debug|Any CPU
		{91C72A4B-5A4B-458C-8EE3-48FB23788DFF}.Release|Any CPU.ActiveCfg = Release|Any CPU
		{91C72A4B-5A4B-458C-8EE3-48FB23788DFF}.Release|Any CPU.Build.0 = Release|Any CPU
	EndGlobalSection
	GlobalSection(SolutionProperties) = preSolution
		HideSolutionNode = FALSE
	EndGlobalSection
EndGlobal
